
Microsoft Visual Studio Solution File, Format Version 11.00
# Visual Studio 2010 Express for Windows Phone
Project("{FAE04EC0-301F-11D3-BF4B-00C04F79EFBC}") = "TankDemo", "TankDemo\TankDemo\TankDemo.csproj", "{939A7F3D-07AB-48E0-A44D-056D8DECC0DA}"
EndProject
Project("{FAE04EC0-301F-11D3-BF4B-00C04F79EFBC}") = "TankDemoContent", "TankDemo\TankDemoContent\TankDemoContent.contentproj", "{A01240C5-F624-4192-BB0E-FD8021060620}"
EndProject
Global
	GlobalSection(SolutionConfigurationPlatforms) = preSolution
		Debug|x86 = Debug|x86
		Release|x86 = Release|x86
	EndGlobalSection
	GlobalSection(ProjectConfigurationPlatforms) = postSolution
		{939A7F3D-07AB-48E0-A44D-056D8DECC0DA}.Debug|x86.ActiveCfg = Debug|x86
		{939A7F3D-07AB-48E0-A44D-056D8DECC0DA}.Debug|x86.Build.0 = Debug|x86
		{939A7F3D-07AB-48E0-A44D-056D8DECC0DA}.Release|x86.ActiveCfg = Release|x86
		{939A7F3D-07AB-48E0-A44D-056D8DECC0DA}.Release|x86.Build.0 = Release|x86
		{A01240C5-F624-4192-BB0E-FD8021060620}.Debug|x86.ActiveCfg = Debug|x86
		{A01240C5-F624-4192-BB0E-FD8021060620}.Release|x86.ActiveCfg = Release|x86
	EndGlobalSection
	GlobalSection(SolutionProperties) = preSolution
		HideSolutionNode = FALSE
	EndGlobalSection
EndGlobal
